
Microsoft Visual Studio Solution File, Format Version 11.00
# Visual Studio 2010
Project("{FAE04EC0-301F-11D3-BF4B-00C04F79EFBC}") = "DS_lab1_test", "DS_lab1_test\DS_lab1_test.csproj", "{B9F57802-B315-439C-BF6E-C1098F01ADBD}"
EndProject
Project("{FAE04EC0-301F-11D3-BF4B-00C04F79EFBC}") = "DS_lab1_test.Web", "DS_lab1_test.Web\DS_lab1_test.Web.csproj", "{D6397CEB-0A0D-4676-9A6B-421DA255495B}"
EndProject
Global
	GlobalSection(SolutionConfigurationPlatforms) = preSolution
		Debug|Any CPU = Debug|Any CPU
		Release|Any CPU = Release|Any CPU
	EndGlobalSection
	GlobalSection(ProjectConfigurationPlatforms) = postSolution
		{B9F57802-B315-439C-BF6E-C1098F01ADBD}.Debug|Any CPU.ActiveCfg = Debug|Any CPU
		{B9F57802-B315-439C-BF6E-C1098F01ADBD}.Debug|Any CPU.Build.0 = Debug|Any CPU
		{B9F57802-B315-439C-BF6E-C1098F01ADBD}.Release|Any CPU.ActiveCfg = Release|Any CPU
		{B9F57802-B315-439C-BF6E-C1098F01ADBD}.Release|Any CPU.Build.0 = Release|Any CPU
		{D6397CEB-0A0D-4676-9A6B-421DA255495B}.Debug|Any CPU.ActiveCfg = Debug|Any CPU
		{D6397CEB-0A0D-4676-9A6B-421DA255495B}.Debug|Any CPU.Build.0 = Debug|Any CPU
		{D6397CEB-0A0D-4676-9A6B-421DA255495B}.Release|Any CPU.ActiveCfg = Release|Any CPU
		{D6397CEB-0A0D-4676-9A6B-421DA255495B}.Release|Any CPU.Build.0 = Release|Any CPU
	EndGlobalSection
	GlobalSection(SolutionProperties) = preSolution
		HideSolutionNode = FALSE
	EndGlobalSection
EndGlobal
